
Microsoft Visual Studio Solution File, Format Version 12.00
# Visual Studio Version 17
VisualStudioVersion = 17.1.32210.238
MinimumVisualStudioVersion = 10.0.40219.1
Project("{9A19103F-16F7-4668-BE54-9A1E7A4F7556}") = "DoAnBanSach.Server", "Server\DoAnBanSach.Server.csproj", "{DF5164E5-A115-4C33-A482-ED90D8ED1F34}"
EndProject
Project("{9A19103F-16F7-4668-BE54-9A1E7A4F7556}") = "DoAnBanSach.Client", "Client\DoAnBanSach.Client.csproj", "{789C122B-7165-4525-A24A-30427C41C72E}"
EndProject
Project("{9A19103F-16F7-4668-BE54-9A1E7A4F7556}") = "DoAnBanSach.Shared", "Shared\DoAnBanSach.Shared.csproj", "{CDF79AAD-1982-4C67-8CBF-0BD527332A4F}"
EndProject
Global
	GlobalSection(SolutionConfigurationPlatforms) = preSolution
		Debug|Any CPU = Debug|Any CPU
		Release|Any CPU = Release|Any CPU
	EndGlobalSection
	GlobalSection(ProjectConfigurationPlatforms) = postSolution
		{DF5164E5-A115-4C33-A482-ED90D8ED1F34}.Debug|Any CPU.ActiveCfg = Debug|Any CPU
		{DF5164E5-A115-4C33-A482-ED90D8ED1F34}.Debug|Any CPU.Build.0 = Debug|Any CPU
		{DF5164E5-A115-4C33-A482-ED90D8ED1F34}.Release|Any CPU.ActiveCfg = Release|Any CPU
		{DF5164E5-A115-4C33-A482-ED90D8ED1F34}.Release|Any CPU.Build.0 = Release|Any CPU
		{789C122B-7165-4525-A24A-30427C41C72E}.Debug|Any CPU.ActiveCfg = Debug|Any CPU
		{789C122B-7165-4525-A24A-30427C41C72E}.Debug|Any CPU.Build.0 = Debug|Any CPU
		{789C122B-7165-4525-A24A-30427C41C72E}.Release|Any CPU.ActiveCfg = Release|Any CPU
		{789C122B-7165-4525-A24A-30427C41C72E}.Release|Any CPU.Build.0 = Release|Any CPU
		{CDF79AAD-1982-4C67-8CBF-0BD527332A4F}.Debug|Any CPU.ActiveCfg = Debug|Any CPU
		{CDF79AAD-1982-4C67-8CBF-0BD527332A4F}.Debug|Any CPU.Build.0 = Debug|Any CPU
		{CDF79AAD-1982-4C67-8CBF-0BD527332A4F}.Release|Any CPU.ActiveCfg = Release|Any CPU
		{CDF79AAD-1982-4C67-8CBF-0BD527332A4F}.Release|Any CPU.Build.0 = Release|Any CPU
	EndGlobalSection
	GlobalSection(SolutionProperties) = preSolution
		HideSolutionNode = FALSE
	EndGlobalSection
	GlobalSection(ExtensibilityGlobals) = postSolution
		SolutionGuid = {73C8EB6F-78C6-48CD-9832-9CBC1395E589}
	EndGlobalSection
EndGlobal
